<?xml version="1.0" encoding="utf-8"?>
<Project ToolsVersion="4.0" xmlns="http://schemas.microsoft.com/developer/msbuild/2003">
  <ItemGroup>
    <ClCompile Include="main.cpp" />
    <ClCompile Include="WindowsWindow.cpp">
      <Filter>back</Filter>
    </ClCompile>
    <ClCompile Include="Renderer.cpp">
      <Filter>back</Filter>
    </ClCompile>
    <ClCompile Include="GraphicsDevice.cpp">
      <Filter>back</Filter>
    </ClCompile>
    <ClCompile Include="ApplicationBase.cpp">
      <Filter>back</Filter>
    </ClCompile>
    <ClCompile Include="MainApp.cpp" />
  </ItemGroup>
  <ItemGroup>
    <Filter Include="back">
      <UniqueIdentifier>{4a3d5074-63fd-45c7-aa24-79cabdbb9cca}</UniqueIdentifier>
    </Filter>
    <Filter Include="back\shader">
      <UniqueIdentifier>{79739389-1854-4ee8-b12b-523328de02ea}</UniqueIdentifier>
    </Filter>
  </ItemGroup>
  <ItemGroup>
    <ClInclude Include="WindowsWindow.h">
      <Filter>back</Filter>
    </ClInclude>
    <ClInclude Include="MessageHandler.h">
      <Filter>back</Filter>
    </ClInclude>
    <ClInclude Include="Renderer.h">
      <Filter>back</Filter>
    </ClInclude>
    <ClInclude Include="GraphicsDevice.h">
      <Filter>back</Filter>
    </ClInclude>
    <ClInclude Include="d3d11wrapper.h">
      <Filter>back</Filter>
    </ClInclude>
    <ClInclude Include="ApplicationBase.h">
      <Filter>back</Filter>
    </ClInclude>
    <ClInclude Include="ShaderCompiler.h">
      <Filter>back\shader</Filter>
    </ClInclude>
    <ClInclude Include="GraphicsPipelineStateObject.h">
      <Filter>back</Filter>
    </ClInclude>
    <ClInclude Include="MainApp.h" />
  </ItemGroup>
  <ItemGroup>
    <None Include="..\.clang-format" />
  </ItemGroup>
  <ItemGroup>
    <FxCompile Include="basicVS.hlsl">
      <Filter>back\shader</Filter>
    </FxCompile>
    <FxCompile Include="basicPS.hlsl">
      <Filter>back\shader</Filter>
    </FxCompile>
  </ItemGroup>
</Project>