<?xml version="1.0" encoding="utf-8"?>
<Project ToolsVersion="4.0" xmlns="http://schemas.microsoft.com/developer/msbuild/2003">
  <ItemGroup>
    <ClCompile Include="main.cpp" />
    <ClCompile Include="Renderer.cpp">
      <Filter>back</Filter>
    </ClCompile>
    <ClCompile Include="GraphicsDevice.cpp">
      <Filter>back</Filter>
    </ClCompile>
    <ClCompile Include="ApplicationBase.cpp">
      <Filter>back</Filter>
    </ClCompile>
    <ClCompile Include="MainApp.cpp" />
    <ClCompile Include="UI.cpp" />
    <ClCompile Include="WindowsWindow.cpp">
      <Filter>back\window</Filter>
    </ClCompile>
    <ClCompile Include="FileIO.cpp">
      <Filter>Resource</Filter>
    </ClCompile>
  </ItemGroup>
  <ItemGroup>
    <Filter Include="back">
      <UniqueIdentifier>{4a3d5074-63fd-45c7-aa24-79cabdbb9cca}</UniqueIdentifier>
    </Filter>
    <Filter Include="back\window">
      <UniqueIdentifier>{32f1b6c3-5362-4983-9c2e-5adf6b2e097f}</UniqueIdentifier>
    </Filter>
    <Filter Include="shader">
      <UniqueIdentifier>{79739389-1854-4ee8-b12b-523328de02ea}</UniqueIdentifier>
    </Filter>
    <Filter Include="Resource">
      <UniqueIdentifier>{a15df922-2761-43f1-86ba-84990d164f18}</UniqueIdentifier>
    </Filter>
  </ItemGroup>
  <ItemGroup>
    <ClInclude Include="Renderer.h">
      <Filter>back</Filter>
    </ClInclude>
    <ClInclude Include="GraphicsDevice.h">
      <Filter>back</Filter>
    </ClInclude>
    <ClInclude Include="d3d11wrapper.h">
      <Filter>back</Filter>
    </ClInclude>
    <ClInclude Include="ApplicationBase.h">
      <Filter>back</Filter>
    </ClInclude>
    <ClInclude Include="ShaderCompiler.h">
      <Filter>shader</Filter>
    </ClInclude>
    <ClInclude Include="GraphicsPipelineStateObject.h">
      <Filter>back</Filter>
    </ClInclude>
    <ClInclude Include="MainApp.h" />
    <ClInclude Include="UI.h" />
    <ClInclude Include="MessageHandler.h">
      <Filter>back\window</Filter>
    </ClInclude>
    <ClInclude Include="WindowsWindow.h">
      <Filter>back\window</Filter>
    </ClInclude>
    <ClInclude Include="FileIO.h">
      <Filter>Resource</Filter>
    </ClInclude>
    <ClInclude Include="TextureResource2D.h">
      <Filter>Resource</Filter>
    </ClInclude>
    <ClInclude Include="ResourceManager.h">
      <Filter>Resource</Filter>
    </ClInclude>
    <ClInclude Include="Model.h">
      <Filter>Resource</Filter>
    </ClInclude>
    <ClInclude Include="Image.h">
      <Filter>Resource</Filter>
    </ClInclude>
  </ItemGroup>
  <ItemGroup>
    <None Include="..\.clang-format" />
  </ItemGroup>
  <ItemGroup>
    <FxCompile Include="basicVS.hlsl">
      <Filter>shader</Filter>
    </FxCompile>
    <FxCompile Include="basicPS.hlsl">
      <Filter>shader</Filter>
    </FxCompile>
  </ItemGroup>
</Project>